[[package]]
name = "dtoa"
version = "0.4.2"
source = "registry+https://github.com/rust-lang/crates.io-index"

[[package]]
name = "itoa"
version = "0.3.4"
source = "registry+https://github.com/rust-lang/crates.io-index"

[[package]]
name = "no-readme"
version = "0.1.0"
dependencies = [
 "wasm-bindgen 0.2.4 (registry+https://github.com/rust-lang/crates.io-index)",
]

[[package]]
name = "num-traits"
version = "0.2.1"
source = "registry+https://github.com/rust-lang/crates.io-index"

[[package]]
name = "proc-macro2"
version = "0.3.6"
source = "registry+https://github.com/rust-lang/crates.io-index"
dependencies = [
 "unicode-xid 0.1.0 (registry+https://github.com/rust-lang/crates.io-index)",
]

[[package]]
name = "quote"
version = "0.3.15"
source = "registry+https://github.com/rust-lang/crates.io-index"

[[package]]
name = "quote"
version = "0.5.1"
source = "registry+https://github.com/rust-lang/crates.io-index"
dependencies = [
 "proc-macro2 0.3.6 (registry+https://github.com/rust-lang/crates.io-index)",
]

[[package]]
name = "serde"
version = "1.0.27"
source = "registry+https://github.com/rust-lang/crates.io-index"

[[package]]
name = "serde_derive"
version = "1.0.27"
source = "registry+https://github.com/rust-lang/crates.io-index"
dependencies = [
 "quote 0.3.15 (registry+https://github.com/rust-lang/crates.io-index)",
 "serde_derive_internals 0.19.0 (registry+https://github.com/rust-lang/crates.io-index)",
 "syn 0.11.11 (registry+https://github.com/rust-lang/crates.io-index)",
]

[[package]]
name = "serde_derive_internals"
version = "0.19.0"
source = "registry+https://github.com/rust-lang/crates.io-index"
dependencies = [
 "syn 0.11.11 (registry+https://github.com/rust-lang/crates.io-index)",
 "synom 0.11.3 (registry+https://github.com/rust-lang/crates.io-index)",
]

[[package]]
name = "serde_json"
version = "1.0.10"
source = "registry+https://github.com/rust-lang/crates.io-index"
dependencies = [
 "dtoa 0.4.2 (registry+https://github.com/rust-lang/crates.io-index)",
 "itoa 0.3.4 (registry+https://github.com/rust-lang/crates.io-index)",
 "num-traits 0.2.1 (registry+https://github.com/rust-lang/crates.io-index)",
 "serde 1.0.27 (registry+https://github.com/rust-lang/crates.io-index)",
]

[[package]]
name = "syn"
version = "0.11.11"
source = "registry+https://github.com/rust-lang/crates.io-index"
dependencies = [
 "quote 0.3.15 (registry+https://github.com/rust-lang/crates.io-index)",
 "synom 0.11.3 (registry+https://github.com/rust-lang/crates.io-index)",
 "unicode-xid 0.0.4 (registry+https://github.com/rust-lang/crates.io-index)",
]

[[package]]
name = "syn"
version = "0.13.1"
source = "registry+https://github.com/rust-lang/crates.io-index"
dependencies = [
 "proc-macro2 0.3.6 (registry+https://github.com/rust-lang/crates.io-index)",
 "quote 0.5.1 (registry+https://github.com/rust-lang/crates.io-index)",
 "unicode-xid 0.1.0 (registry+https://github.com/rust-lang/crates.io-index)",
]

[[package]]
name = "synom"
version = "0.11.3"
source = "registry+https://github.com/rust-lang/crates.io-index"
dependencies = [
 "unicode-xid 0.0.4 (registry+https://github.com/rust-lang/crates.io-index)",
]

[[package]]
name = "unicode-xid"
version = "0.0.4"
source = "registry+https://github.com/rust-lang/crates.io-index"

[[package]]
name = "unicode-xid"
version = "0.1.0"
source = "registry+https://github.com/rust-lang/crates.io-index"

[[package]]
name = "wasm-bindgen"
version = "0.2.4"
source = "registry+https://github.com/rust-lang/crates.io-index"
dependencies = [
 "wasm-bindgen-macro 0.2.4 (registry+https://github.com/rust-lang/crates.io-index)",
]

[[package]]
name = "wasm-bindgen-backend"
version = "0.2.4"
source = "registry+https://github.com/rust-lang/crates.io-index"
dependencies = [
 "proc-macro2 0.3.6 (registry+https://github.com/rust-lang/crates.io-index)",
 "quote 0.5.1 (registry+https://github.com/rust-lang/crates.io-index)",
 "serde_json 1.0.10 (registry+https://github.com/rust-lang/crates.io-index)",
 "syn 0.13.1 (registry+https://github.com/rust-lang/crates.io-index)",
 "wasm-bindgen-shared 0.2.4 (registry+https://github.com/rust-lang/crates.io-index)",
]

[[package]]
name = "wasm-bindgen-macro"
version = "0.2.4"
source = "registry+https://github.com/rust-lang/crates.io-index"
dependencies = [
 "proc-macro2 0.3.6 (registry+https://github.com/rust-lang/crates.io-index)",
 "quote 0.5.1 (registry+https://github.com/rust-lang/crates.io-index)",
 "serde_json 1.0.10 (registry+https://github.com/rust-lang/crates.io-index)",
 "syn 0.13.1 (registry+https://github.com/rust-lang/crates.io-index)",
 "wasm-bindgen-backend 0.2.4 (registry+https://github.com/rust-lang/crates.io-index)",
 "wasm-bindgen-shared 0.2.4 (registry+https://github.com/rust-lang/crates.io-index)",
]

[[package]]
name = "wasm-bindgen-shared"
version = "0.2.4"
source = "registry+https://github.com/rust-lang/crates.io-index"
dependencies = [
 "serde 1.0.27 (registry+https://github.com/rust-lang/crates.io-index)",
 "serde_derive 1.0.27 (registry+https://github.com/rust-lang/crates.io-index)",
]

[metadata]
"checksum dtoa 0.4.2 (registry+https://github.com/rust-lang/crates.io-index)" = "09c3753c3db574d215cba4ea76018483895d7bff25a31b49ba45db21c48e50ab"
"checksum itoa 0.3.4 (registry+https://github.com/rust-lang/crates.io-index)" = "8324a32baf01e2ae060e9de58ed0bc2320c9a2833491ee36cd3b4c414de4db8c"
"checksum num-traits 0.2.1 (registry+https://github.com/rust-lang/crates.io-index)" = "0b3c2bd9b9d21e48e956b763c9f37134dc62d9e95da6edb3f672cacb6caf3cd3"
"checksum proc-macro2 0.3.6 (registry+https://github.com/rust-lang/crates.io-index)" = "49b6a521dc81b643e9a51e0d1cf05df46d5a2f3c0280ea72bcb68276ba64a118"
"checksum quote 0.3.15 (registry+https://github.com/rust-lang/crates.io-index)" = "7a6e920b65c65f10b2ae65c831a81a073a89edd28c7cce89475bff467ab4167a"
"checksum quote 0.5.1 (registry+https://github.com/rust-lang/crates.io-index)" = "7b0ff51282f28dc1b53fd154298feaa2e77c5ea0dba68e1fd8b03b72fbe13d2a"
"checksum serde 1.0.27 (registry+https://github.com/rust-lang/crates.io-index)" = "db99f3919e20faa51bb2996057f5031d8685019b5a06139b1ce761da671b8526"
"checksum serde_derive 1.0.27 (registry+https://github.com/rust-lang/crates.io-index)" = "f4ba7591cfe93755e89eeecdbcc668885624829b020050e6aec99c2a03bd3fd0"
"checksum serde_derive_internals 0.19.0 (registry+https://github.com/rust-lang/crates.io-index)" = "6e03f1c9530c3fb0a0a5c9b826bdd9246a5921ae995d75f512ac917fc4dd55b5"
"checksum serde_json 1.0.10 (registry+https://github.com/rust-lang/crates.io-index)" = "57781ed845b8e742fc2bf306aba8e3b408fe8c366b900e3769fbc39f49eb8b39"
"checksum syn 0.11.11 (registry+https://github.com/rust-lang/crates.io-index)" = "d3b891b9015c88c576343b9b3e41c2c11a51c219ef067b264bd9c8aa9b441dad"
"checksum syn 0.13.1 (registry+https://github.com/rust-lang/crates.io-index)" = "91b52877572087400e83d24b9178488541e3d535259e04ff17a63df1e5ceff59"
"checksum synom 0.11.3 (registry+https://github.com/rust-lang/crates.io-index)" = "a393066ed9010ebaed60b9eafa373d4b1baac186dd7e008555b0f702b51945b6"
"checksum unicode-xid 0.0.4 (registry+https://github.com/rust-lang/crates.io-index)" = "8c1f860d7d29cf02cb2f3f359fd35991af3d30bac52c57d265a3c461074cb4dc"
"checksum unicode-xid 0.1.0 (registry+https://github.com/rust-lang/crates.io-index)" = "fc72304796d0818e357ead4e000d19c9c174ab23dc11093ac919054d20a6a7fc"
"checksum wasm-bindgen 0.2.4 (registry+https://github.com/rust-lang/crates.io-index)" = "3d40bb360252b92b57cf5ee800c92d30ae842e41d3d84bcc4fc1d3deb72d5b02"
"checksum wasm-bindgen-backend 0.2.4 (registry+https://github.com/rust-lang/crates.io-index)" = "7f1a0ad26bc8fac6cbf68097e3dd4ffa40a288dda34e83bfaa7ff4626b69085d"
"checksum wasm-bindgen-macro 0.2.4 (registry+https://github.com/rust-lang/crates.io-index)" = "3a600fa1ce92e2e8db8f89a15baf679e5bac39561e55e750cda9fb6a317e64c3"
"checksum wasm-bindgen-shared 0.2.4 (registry+https://github.com/rust-lang/crates.io-index)" = "aba2057a4e843cb2d754a923d46bb62aeab1531c58a78160f392e7ded8de3637"
